
Microsoft Visual Studio Solution File, Format Version 12.00
# Visual Studio Version 17
VisualStudioVersion = 17.5.33516.290
MinimumVisualStudioVersion = 10.0.40219.1
Project("{FAE04EC0-301F-11D3-BF4B-00C04F79EFBC}") = "T21C", "T21C\T21C.csproj", "{62A4E6B8-789D-4AB9-B293-45F2787D1EDA}"
EndProject
Global
	GlobalSection(SolutionConfigurationPlatforms) = preSolution
		Debug|Any CPU = Debug|Any CPU
		Release|Any CPU = Release|Any CPU
	EndGlobalSection
	GlobalSection(ProjectConfigurationPlatforms) = postSolution
		{62A4E6B8-789D-4AB9-B293-45F2787D1EDA}.Debug|Any CPU.ActiveCfg = Debug|Any CPU
		{62A4E6B8-789D-4AB9-B293-45F2787D1EDA}.Debug|Any CPU.Build.0 = Debug|Any CPU
		{62A4E6B8-789D-4AB9-B293-45F2787D1EDA}.Release|Any CPU.ActiveCfg = Release|Any CPU
		{62A4E6B8-789D-4AB9-B293-45F2787D1EDA}.Release|Any CPU.Build.0 = Release|Any CPU
	EndGlobalSection
	GlobalSection(SolutionProperties) = preSolution
		HideSolutionNode = FALSE
	EndGlobalSection
	GlobalSection(ExtensibilityGlobals) = postSolution
		SolutionGuid = {C311D723-E7DC-4DDA-8533-E0F2038D56DB}
	EndGlobalSection
EndGlobal
